
Microsoft Visual Studio Solution File, Format Version 12.00
# Visual Studio 14
VisualStudioVersion = 14.0.23107.0
MinimumVisualStudioVersion = 10.0.40219.1
Project("{8BC9CEB8-8B4A-11D0-8D11-00A0C91BC942}") = "CodeWord", "CodeWord\CodeWord.vcxproj", "{2AF6C73A-BB0D-414D-8C05-9BD1112D6BF5}"
EndProject
Project("{8BC9CEB8-8B4A-11D0-8D11-00A0C91BC942}") = "CodeWordTest", "CodeWordTest\CodeWordTest.vcxproj", "{C75845AA-4F3B-4CC6-9F2B-4652FDE753F5}"
EndProject
Global
	GlobalSection(SolutionConfigurationPlatforms) = preSolution
		Debug|x64 = Debug|x64
		Debug|x86 = Debug|x86
		Release|x64 = Release|x64
		Release|x86 = Release|x86
	EndGlobalSection
	GlobalSection(ProjectConfigurationPlatforms) = postSolution
		{2AF6C73A-BB0D-414D-8C05-9BD1112D6BF5}.Debug|x64.ActiveCfg = Debug|x64
		{2AF6C73A-BB0D-414D-8C05-9BD1112D6BF5}.Debug|x64.Build.0 = Debug|x64
		{2AF6C73A-BB0D-414D-8C05-9BD1112D6BF5}.Debug|x86.ActiveCfg = Debug|Win32
		{2AF6C73A-BB0D-414D-8C05-9BD1112D6BF5}.Debug|x86.Build.0 = Debug|Win32
		{2AF6C73A-BB0D-414D-8C05-9BD1112D6BF5}.Release|x64.ActiveCfg = Release|x64
		{2AF6C73A-BB0D-414D-8C05-9BD1112D6BF5}.Release|x64.Build.0 = Release|x64
		{2AF6C73A-BB0D-414D-8C05-9BD1112D6BF5}.Release|x86.ActiveCfg = Release|Win32
		{2AF6C73A-BB0D-414D-8C05-9BD1112D6BF5}.Release|x86.Build.0 = Release|Win32
		{C75845AA-4F3B-4CC6-9F2B-4652FDE753F5}.Debug|x64.ActiveCfg = Debug|x64
		{C75845AA-4F3B-4CC6-9F2B-4652FDE753F5}.Debug|x64.Build.0 = Debug|x64
		{C75845AA-4F3B-4CC6-9F2B-4652FDE753F5}.Debug|x86.ActiveCfg = Debug|Win32
		{C75845AA-4F3B-4CC6-9F2B-4652FDE753F5}.Debug|x86.Build.0 = Debug|Win32
		{C75845AA-4F3B-4CC6-9F2B-4652FDE753F5}.Release|x64.ActiveCfg = Release|x64
		{C75845AA-4F3B-4CC6-9F2B-4652FDE753F5}.Release|x64.Build.0 = Release|x64
		{C75845AA-4F3B-4CC6-9F2B-4652FDE753F5}.Release|x86.ActiveCfg = Release|Win32
		{C75845AA-4F3B-4CC6-9F2B-4652FDE753F5}.Release|x86.Build.0 = Release|Win32
	EndGlobalSection
	GlobalSection(SolutionProperties) = preSolution
		HideSolutionNode = FALSE
	EndGlobalSection
EndGlobal
